
Microsoft Visual Studio Solution File, Format Version 12.00
# Visual Studio Version 17
VisualStudioVersion = 17.8.34511.84
MinimumVisualStudioVersion = 10.0.40219.1
Project("{9A19103F-16F7-4668-BE54-9A1E7A4F7556}") = "VivesBlog.Ui.Mvc", "VivesBlog.Ui.Mvc\VivesBlog.Ui.Mvc.csproj", "{075CA47C-CD9E-4403-BA0B-5A27819501C9}"
EndProject
Project("{9A19103F-16F7-4668-BE54-9A1E7A4F7556}") = "VivesBlog.Core", "VivesBlog.Core\VivesBlog.Core.csproj", "{E951A32E-7E8C-4A2D-A929-54B635E4127B}"
EndProject
Project("{9A19103F-16F7-4668-BE54-9A1E7A4F7556}") = "VivesBlog.Model", "VivesBlog.Model\VivesBlog.Model.csproj", "{4959D30C-693F-4889-819B-1B35EC6D1523}"
EndProject
Project("{9A19103F-16F7-4668-BE54-9A1E7A4F7556}") = "VivesBlog.Services", "VivesBlog.Services\VivesBlog.Services.csproj", "{2358C2AE-DBC7-4F06-B553-63CE9833E061}"
EndProject
Project("{2150E333-8FDC-42A3-9474-1A3956D46DE8}") = "Api", "Api", "{30846BFE-83F8-4D21-96B3-1559DF72F4F4}"
EndProject
Project("{2150E333-8FDC-42A3-9474-1A3956D46DE8}") = "Domain", "Domain", "{02722CFE-C6D2-499A-A174-343CB9F4B0A0}"
EndProject
Project("{2150E333-8FDC-42A3-9474-1A3956D46DE8}") = "Services", "Services", "{AED5E041-F82D-44BC-89DE-E17E48C6DC15}"
EndProject
Project("{2150E333-8FDC-42A3-9474-1A3956D46DE8}") = "UI", "UI", "{F8ECE0B0-045B-44B8-AC70-71B54DF71979}"
EndProject
Project("{2150E333-8FDC-42A3-9474-1A3956D46DE8}") = "Vives", "Vives", "{060E3171-3E26-40B5-B075-8F33A837752D}"
EndProject
Project("{FAE04EC0-301F-11D3-BF4B-00C04F79EFBC}") = "VivesBlog.Api", "VivesBlog.Api\VivesBlog.Api.csproj", "{FF1B84F2-0E5D-4D23-829E-30799B830698}"
EndProject
Project("{FAE04EC0-301F-11D3-BF4B-00C04F79EFBC}") = "VivesBlog.Sdk", "VivesBlog.Sdk\VivesBlog.Sdk.csproj", "{6FE64025-BDF2-41CF-A37C-AC92200F72DC}"
EndProject
Project("{FAE04EC0-301F-11D3-BF4B-00C04F79EFBC}") = "VivesBlog.Dto", "VivesBlog.Dto\VivesBlog.Dto.csproj", "{C7766399-04DB-44AB-B6BF-D06245DA6236}"
EndProject
Project("{FAE04EC0-301F-11D3-BF4B-00C04F79EFBC}") = "Vives.Services.Model", "Vives.Services.Model\Vives.Services.Model.csproj", "{763B4016-D01A-4798-9AAB-F6868FFCD64B}"
EndProject
Global
	GlobalSection(SolutionConfigurationPlatforms) = preSolution
		Debug|Any CPU = Debug|Any CPU
		Release|Any CPU = Release|Any CPU
	EndGlobalSection
	GlobalSection(ProjectConfigurationPlatforms) = postSolution
		{075CA47C-CD9E-4403-BA0B-5A27819501C9}.Debug|Any CPU.ActiveCfg = Debug|Any CPU
		{075CA47C-CD9E-4403-BA0B-5A27819501C9}.Debug|Any CPU.Build.0 = Debug|Any CPU
		{075CA47C-CD9E-4403-BA0B-5A27819501C9}.Release|Any CPU.ActiveCfg = Release|Any CPU
		{075CA47C-CD9E-4403-BA0B-5A27819501C9}.Release|Any CPU.Build.0 = Release|Any CPU
		{E951A32E-7E8C-4A2D-A929-54B635E4127B}.Debug|Any CPU.ActiveCfg = Debug|Any CPU
		{E951A32E-7E8C-4A2D-A929-54B635E4127B}.Debug|Any CPU.Build.0 = Debug|Any CPU
		{E951A32E-7E8C-4A2D-A929-54B635E4127B}.Release|Any CPU.ActiveCfg = Release|Any CPU
		{E951A32E-7E8C-4A2D-A929-54B635E4127B}.Release|Any CPU.Build.0 = Release|Any CPU
		{4959D30C-693F-4889-819B-1B35EC6D1523}.Debug|Any CPU.ActiveCfg = Debug|Any CPU
		{4959D30C-693F-4889-819B-1B35EC6D1523}.Debug|Any CPU.Build.0 = Debug|Any CPU
		{4959D30C-693F-4889-819B-1B35EC6D1523}.Release|Any CPU.ActiveCfg = Release|Any CPU
		{4959D30C-693F-4889-819B-1B35EC6D1523}.Release|Any CPU.Build.0 = Release|Any CPU
		{2358C2AE-DBC7-4F06-B553-63CE9833E061}.Debug|Any CPU.ActiveCfg = Debug|Any CPU
		{2358C2AE-DBC7-4F06-B553-63CE9833E061}.Debug|Any CPU.Build.0 = Debug|Any CPU
		{2358C2AE-DBC7-4F06-B553-63CE9833E061}.Release|Any CPU.ActiveCfg = Release|Any CPU
		{2358C2AE-DBC7-4F06-B553-63CE9833E061}.Release|Any CPU.Build.0 = Release|Any CPU
		{FF1B84F2-0E5D-4D23-829E-30799B830698}.Debug|Any CPU.ActiveCfg = Debug|Any CPU
		{FF1B84F2-0E5D-4D23-829E-30799B830698}.Debug|Any CPU.Build.0 = Debug|Any CPU
		{FF1B84F2-0E5D-4D23-829E-30799B830698}.Release|Any CPU.ActiveCfg = Release|Any CPU
		{FF1B84F2-0E5D-4D23-829E-30799B830698}.Release|Any CPU.Build.0 = Release|Any CPU
		{6FE64025-BDF2-41CF-A37C-AC92200F72DC}.Debug|Any CPU.ActiveCfg = Debug|Any CPU
		{6FE64025-BDF2-41CF-A37C-AC92200F72DC}.Debug|Any CPU.Build.0 = Debug|Any CPU
		{6FE64025-BDF2-41CF-A37C-AC92200F72DC}.Release|Any CPU.ActiveCfg = Release|Any CPU
		{6FE64025-BDF2-41CF-A37C-AC92200F72DC}.Release|Any CPU.Build.0 = Release|Any CPU
		{C7766399-04DB-44AB-B6BF-D06245DA6236}.Debug|Any CPU.ActiveCfg = Debug|Any CPU
		{C7766399-04DB-44AB-B6BF-D06245DA6236}.Debug|Any CPU.Build.0 = Debug|Any CPU
		{C7766399-04DB-44AB-B6BF-D06245DA6236}.Release|Any CPU.ActiveCfg = Release|Any CPU
		{C7766399-04DB-44AB-B6BF-D06245DA6236}.Release|Any CPU.Build.0 = Release|Any CPU
		{763B4016-D01A-4798-9AAB-F6868FFCD64B}.Debug|Any CPU.ActiveCfg = Debug|Any CPU
		{763B4016-D01A-4798-9AAB-F6868FFCD64B}.Debug|Any CPU.Build.0 = Debug|Any CPU
		{763B4016-D01A-4798-9AAB-F6868FFCD64B}.Release|Any CPU.ActiveCfg = Release|Any CPU
		{763B4016-D01A-4798-9AAB-F6868FFCD64B}.Release|Any CPU.Build.0 = Release|Any CPU
	EndGlobalSection
	GlobalSection(SolutionProperties) = preSolution
		HideSolutionNode = FALSE
	EndGlobalSection
	GlobalSection(NestedProjects) = preSolution
		{075CA47C-CD9E-4403-BA0B-5A27819501C9} = {F8ECE0B0-045B-44B8-AC70-71B54DF71979}
		{E951A32E-7E8C-4A2D-A929-54B635E4127B} = {02722CFE-C6D2-499A-A174-343CB9F4B0A0}
		{4959D30C-693F-4889-819B-1B35EC6D1523} = {02722CFE-C6D2-499A-A174-343CB9F4B0A0}
		{2358C2AE-DBC7-4F06-B553-63CE9833E061} = {AED5E041-F82D-44BC-89DE-E17E48C6DC15}
		{FF1B84F2-0E5D-4D23-829E-30799B830698} = {30846BFE-83F8-4D21-96B3-1559DF72F4F4}
		{6FE64025-BDF2-41CF-A37C-AC92200F72DC} = {30846BFE-83F8-4D21-96B3-1559DF72F4F4}
		{C7766399-04DB-44AB-B6BF-D06245DA6236} = {AED5E041-F82D-44BC-89DE-E17E48C6DC15}
		{763B4016-D01A-4798-9AAB-F6868FFCD64B} = {060E3171-3E26-40B5-B075-8F33A837752D}
	EndGlobalSection
	GlobalSection(ExtensibilityGlobals) = postSolution
		SolutionGuid = {FA28C332-C1FA-43BF-90A1-775BD9DC2247}
	EndGlobalSection
EndGlobal
